// !$*UTF8*$!
{
	archiveVersion = 1;
	classes = {
	};
	objectVersion = 46;
	objects = {

/* Begin PBXBuildFile section */
		CB95E3251CE96E6A00BEF80F /* main.m in Sources */ = {isa = PBXBuildFile; fileRef = CB95E3241CE96E6A00BEF80F /* main.m */; };
		CB95E3281CE96E6A00BEF80F /* AppDelegate.m in Sources */ = {isa = PBXBuildFile; fileRef = CB95E3271CE96E6A00BEF80F /* AppDelegate.m */; };
		CB95E32B1CE96E6A00BEF80F /* ViewController.m in Sources */ = {isa = PBXBuildFile; fileRef = CB95E32A1CE96E6A00BEF80F /* ViewController.m */; };
		CB95E32E1CE96E6A00BEF80F /* Main.storyboard in Resources */ = {isa = PBXBuildFile; fileRef = CB95E32C1CE96E6A00BEF80F /* Main.storyboard */; };
		CB95E3301CE96E6A00BEF80F /* Assets.xcassets in Resources */ = {isa = PBXBuildFile; fileRef = CB95E32F1CE96E6A00BEF80F /* Assets.xcassets */; };
		CB95E3331CE96E6A00BEF80F /* LaunchScreen.storyboard in Resources */ = {isa = PBXBuildFile; fileRef = CB95E3311CE96E6A00BEF80F /* LaunchScreen.storyboard */; };
		CB95E33F1CE9A3C100BEF80F /* arrow-down.png in Resources */ = {isa = PBXBuildFile; fileRef = CB95E33A1CE9A3C100BEF80F /* arrow-down.png */; };
		CB95E3401CE9A3C100BEF80F /* first.png in Resources */ = {isa = PBXBuildFile; fileRef = CB95E33B1CE9A3C100BEF80F /* first.png */; };
		CB95E3411CE9A3C100BEF80F /* last.png in Resources */ = {isa = PBXBuildFile; fileRef = CB95E33C1CE9A3C100BEF80F /* last.png */; };
		CB95E3421CE9A3C100BEF80F /* pause.png in Resources */ = {isa = PBXBuildFile; fileRef = CB95E33D1CE9A3C100BEF80F /* pause.png */; };
		CB95E3431CE9A3C100BEF80F /* play.png in Resources */ = {isa = PBXBuildFile; fileRef = CB95E33E1CE9A3C100BEF80F /* play.png */; };
		CB95E3451CE9B3A800BEF80F /* spin.png in Resources */ = {isa = PBXBuildFile; fileRef = CB95E3441CE9B3A800BEF80F /* spin.png */; };
/* End PBXBuildFile section */

/* Begin PBXFileReference section */
		CB95E3201CE96E6A00BEF80F /* VideoMediaWork1.app */ = {isa = PBXFileReference; explicitFileType = wrapper.application; includeInIndex = 0; path = VideoMediaWork1.app; sourceTree = BUILT_PRODUCTS_DIR; };
		CB95E3241CE96E6A00BEF80F /* main.m */ = {isa = PBXFileReference; lastKnownFileType = sourcecode.c.objc; path = main.m; sourceTree = "<group>"; };
		CB95E3261CE96E6A00BEF80F /* AppDelegate.h */ = {isa = PBXFileReference; lastKnownFileType = sourcecode.c.h; path = AppDelegate.h; sourceTree = "<group>"; };
		CB95E3271CE96E6A00BEF80F /* AppDelegate.m */ = {isa = PBXFileReference; lastKnownFileType = sourcecode.c.objc; path = AppDelegate.m; sourceTree = "<group>"; };
		CB95E3291CE96E6A00BEF80F /* ViewController.h */ = {isa = PBXFileReference; lastKnownFileType = sourcecode.c.h; path = ViewController.h; sourceTree = "<group>"; };
		CB95E32A1CE96E6A00BEF80F /* ViewController.m */ = {isa = PBXFileReference; lastKnownFileType = sourcecode.c.objc; path = ViewController.m; sourceTree = "<group>"; };
		CB95E32D1CE96E6A00BEF80F /* Base */ = {isa = PBXFileReference; lastKnownFileType = file.storyboard; name = Base; path = Base.lproj/Main.storyboard; sourceTree = "<group>"; };
		CB95E32F1CE96E6A00BEF80F /* Assets.xcassets */ = {isa = PBXFileReference; lastKnownFileType = folder.assetcatalog; path = Assets.xcassets; sourceTree = "<group>"; };
		CB95E3321CE96E6A00BEF80F /* Base */ = {isa = PBXFileReference; lastKnownFileType = file.storyboard; name = Base; path = Base.lproj/LaunchScreen.storyboard; sourceTree = "<group>"; };
		CB95E3341CE96E6A00BEF80F /* Info.plist */ = {isa = PBXFileReference; lastKnownFileType = text.plist.xml; path = Info.plist; sourceTree = "<group>"; };
		CB95E33A1CE9A3C100BEF80F /* arrow-down.png */ = {isa = PBXFileReference; lastKnownFileType = image.png; path = "arrow-down.png"; sourceTree = "<group>"; };
		CB95E33B1CE9A3C100BEF80F /* first.png */ = {isa = PBXFileReference; lastKnownFileType = image.png; path = first.png; sourceTree = "<group>"; };
		CB95E33C1CE9A3C100BEF80F /* last.png */ = {isa = PBXFileReference; lastKnownFileType = image.png; path = last.png; sourceTree = "<group>"; };
		CB95E33D1CE9A3C100BEF80F /* pause.png */ = {isa = PBXFileReference; lastKnownFileType = image.png; path = pause.png; sourceTree = "<group>"; };
		CB95E33E1CE9A3C100BEF80F /* play.png */ = {isa = PBXFileReference; lastKnownFileType = image.png; path = play.png; sourceTree = "<group>"; };
		CB95E3441CE9B3A800BEF80F /* spin.png */ = {isa = PBXFileReference; lastKnownFileType = image.png; path = spin.png; sourceTree = "<group>"; };
/* End PBXFileReference section */

/* Begin PBXFrameworksBuildPhase section */
		CB95E31D1CE96E6A00BEF80F /* Frameworks */ = {
			isa = PBXFrameworksBuildPhase;
			buildActionMask = 2147483647;
			files = (
			);
			runOnlyForDeploymentPostprocessing = 0;
		};
/* End PBXFrameworksBuildPhase section */

/* Begin PBXGroup section */
		CB95E3171CE96E6A00BEF80F = {
			isa = PBXGroup;
			children = (
				CB95E3221CE96E6A00BEF80F /* VideoMediaWork1 */,
				CB95E3211CE96E6A00BEF80F /* Products */,
			);
			sourceTree = "<group>";
		};
		CB95E3211CE96E6A00BEF80F /* Products */ = {
			isa = PBXGroup;
			children = (
				CB95E3201CE96E6A00BEF80F /* VideoMediaWork1.app */,
			);
			name = Products;
			sourceTree = "<group>";
		};
		CB95E3221CE96E6A00BEF80F /* VideoMediaWork1 */ = {
			isa = PBXGroup;
			children = (
				CB95E3261CE96E6A00BEF80F /* AppDelegate.h */,
				CB95E3271CE96E6A00BEF80F /* AppDelegate.m */,
				CB95E3291CE96E6A00BEF80F /* ViewController.h */,
				CB95E32A1CE96E6A00BEF80F /* ViewController.m */,
				CB95E32C1CE96E6A00BEF80F /* Main.storyboard */,
				CB95E3441CE9B3A800BEF80F /* spin.png */,
				CB95E33A1CE9A3C100BEF80F /* arrow-down.png */,
				CB95E33B1CE9A3C100BEF80F /* first.png */,
				CB95E33C1CE9A3C100BEF80F /* last.png */,
				CB95E33D1CE9A3C100BEF80F /* pause.png */,
				CB95E33E1CE9A3C100BEF80F /* play.png */,
				CB95E32F1CE96E6A00BEF80F /* Assets.xcassets */,
				CB95E3311CE96E6A00BEF80F /* LaunchScreen.storyboard */,
				CB95E3341CE96E6A00BEF80F /* Info.plist */,
				CB95E3231CE96E6A00BEF80F /* Supporting Files */,
			);
			path = VideoMediaWork1;
			sourceTree = "<group>";
		};
		CB95E3231CE96E6A00BEF80F /* Supporting Files */ = {
			isa = PBXGroup;
			children = (
				CB95E3241CE96E6A00BEF80F /* main.m */,
			);
			name = "Supporting Files";
			sourceTree = "<group>";
		};
/* End PBXGroup section */

/* Begin PBXNativeTarget section */
		CB95E31F1CE96E6A00BEF80F /* VideoMediaWork1 */ = {
			isa = PBXNativeTarget;
			buildConfigurationList = CB95E3371CE96E6A00BEF80F /* Build configuration list for PBXNativeTarget "VideoMediaWork1" */;
			buildPhases = (
				CB95E31C1CE96E6A00BEF80F /* Sources */,
				CB95E31D1CE96E6A00BEF80F /* Frameworks */,
				CB95E31E1CE96E6A00BEF80F /* Resources */,
			);
			buildRules = (
			);
			dependencies = (
			);
			name = VideoMediaWork1;
			productName = VideoMediaWork1;
			productReference = CB95E3201CE96E6A00BEF80F /* VideoMediaWork1.app */;
			productType = "com.apple.product-type.application";
		};
/* End PBXNativeTarget section */

/* Begin PBXProject section */
		CB95E3181CE96E6A00BEF80F /* Project object */ = {
			isa = PBXProject;
			attributes = {
				LastUpgradeCheck = 0730;
				ORGANIZATIONNAME = WJC;
				TargetAttributes = {
					CB95E31F1CE96E6A00BEF80F = {
						CreatedOnToolsVersion = 7.3;
						DevelopmentTeam = 42RY482EA3;
					};
				};
			};
			buildConfigurationList = CB95E31B1CE96E6A00BEF80F /* Build configuration list for PBXProject "VideoMediaWork1" */;
			compatibilityVersion = "Xcode 3.2";
			developmentRegion = English;
			hasScannedForEncodings = 0;
			knownRegions = (
				en,
				Base,
			);
			mainGroup = CB95E3171CE96E6A00BEF80F;
			productRefGroup = CB95E3211CE96E6A00BEF80F /* Products */;
			projectDirPath = "";
			projectRoot = "";
			targets = (
				CB95E31F1CE96E6A00BEF80F /* VideoMediaWork1 */,
			);
		};
/* End PBXProject section */

/* Begin PBXResourcesBuildPhase section */
		CB95E31E1CE96E6A00BEF80F /* Resources */ = {
			isa = PBXResourcesBuildPhase;
			buildActionMask = 2147483647;
			files = (
				CB95E3331CE96E6A00BEF80F /* LaunchScreen.storyboard in Resources */,
				CB95E3431CE9A3C100BEF80F /* play.png in Resources */,
				CB95E3451CE9B3A800BEF80F /* spin.png in Resources */,
				CB95E33F1CE9A3C100BEF80F /* arrow-down.png in Resources */,
				CB95E3301CE96E6A00BEF80F /* Assets.xcassets in Resources */,
				CB95E3421CE9A3C100BEF80F /* pause.png in Resources */,
				CB95E32E1CE96E6A00BEF80F /* Main.storyboard in Resources */,
				CB95E3401CE9A3C100BEF80F /* first.png in Resources */,
				CB95E3411CE9A3C100BEF80F /* last.png in Resources */,
			);
			runOnlyForDeploymentPostprocessing = 0;
		};
/* End PBXResourcesBuildPhase section */

/* Begin PBXSourcesBuildPhase section */
		CB95E31C1CE96E6A00BEF80F /* Sources */ = {
			isa = PBXSourcesBuildPhase;
			buildActionMask = 2147483647;
			files = (
				CB95E32B1CE96E6A00BEF80F /* ViewController.m in Sources */,
				CB95E3281CE96E6A00BEF80F /* AppDelegate.m in Sources */,
				CB95E3251CE96E6A00BEF80F /* main.m in Sources */,
			);
			runOnlyForDeploymentPostprocessing = 0;
		};
/* End PBXSourcesBuildPhase section */

/* Begin PBXVariantGroup section */
		CB95E32C1CE96E6A00BEF80F /* Main.storyboard */ = {
			isa = PBXVariantGroup;
			children = (
				CB95E32D1CE96E6A00BEF80F /* Base */,
			);
			name = Main.storyboard;
			sourceTree = "<group>";
		};
		CB95E3311CE96E6A00BEF80F /* LaunchScreen.storyboard */ = {
			isa = PBXVariantGroup;
			children = (
				CB95E3321CE96E6A00BEF80F /* Base */,
			);
			name = LaunchScreen.storyboard;
			sourceTree = "<group>";
		};
/* End PBXVariantGroup section */

/* Begin XCBuildConfiguration section */
		CB95E3351CE96E6A00BEF80F /* Debug */ = {
			isa = XCBuildConfiguration;
			buildSettings = {
				ALWAYS_SEARCH_USER_PATHS = NO;
				CLANG_ANALYZER_NONNULL = YES;
				CLANG_CXX_LANGUAGE_STANDARD = "gnu++0x";
				CLANG_CXX_LIBRARY = "libc++";
				CLANG_ENABLE_MODULES = YES;
				CLANG_ENABLE_OBJC_ARC = YES;
				CLANG_WARN_BOOL_CONVERSION = YES;
				CLANG_WARN_CONSTANT_CONVERSION = YES;
				CLANG_WARN_DIRECT_OBJC_ISA_USAGE = YES_ERROR;
				CLANG_WARN_EMPTY_BODY = YES;
				CLANG_WARN_ENUM_CONVERSION = YES;
				CLANG_WARN_INT_CONVERSION = YES;
				CLANG_WARN_OBJC_ROOT_CLASS = YES_ERROR;
				CLANG_WARN_UNREACHABLE_CODE = YES;
				CLANG_WARN__DUPLICATE_METHOD_MATCH = YES;
				"CODE_SIGN_IDENTITY[sdk=iphoneos*]" = "iPhone Developer";
				COPY_PHASE_STRIP = NO;
				DEBUG_INFORMATION_FORMAT = dwarf;
				ENABLE_STRICT_OBJC_MSGSEND = YES;
				ENABLE_TESTABILITY = YES;
				GCC_C_LANGUAGE_STANDARD = gnu99;
				GCC_DYNAMIC_NO_PIC = NO;
				GCC_NO_COMMON_BLOCKS = YES;
				GCC_OPTIMIZATION_LEVEL = 0;
				GCC_PREPROCESSOR_DEFINITIONS = (
					"DEBUG=1",
					"$(inherited)",
				);
				GCC_WARN_64_TO_32_BIT_CONVERSION = YES;
				GCC_WARN_ABOUT_RETURN_TYPE = YES_ERROR;
				GCC_WARN_UNDECLARED_SELECTOR = YES;
				GCC_WARN_UNINITIALIZED_AUTOS = YES_AGGRESSIVE;
				GCC_WARN_UNUSED_FUNCTION = YES;
				GCC_WARN_UNUSED_VARIABLE = YES;
				IPHONEOS_DEPLOYMENT_TARGET = 9.3;
				MTL_ENABLE_DEBUG_INFO = YES;
				ONLY_ACTIVE_ARCH = YES;
				SDKROOT = iphoneos;
			};
			name = Debug;
		};
		CB95E3361CE96E6A00BEF80F /* Release */ = {
			isa = XCBuildConfiguration;
			buildSettings = {
				ALWAYS_SEARCH_USER_PATHS = NO;
				CLANG_ANALYZER_NONNULL = YES;
				CLANG_CXX_LANGUAGE_STANDARD = "gnu++0x";
				CLANG_CXX_LIBRARY = "libc++";
				CLANG_ENABLE_MODULES = YES;
				CLANG_ENABLE_OBJC_ARC = YES;
				CLANG_WARN_BOOL_CONVERSION = YES;
				CLANG_WARN_CONSTANT_CONVERSION = YES;
				CLANG_WARN_DIRECT_OBJC_ISA_USAGE = YES_ERROR;
				CLANG_WARN_EMPTY_BODY = YES;
				CLANG_WARN_ENUM_CONVERSION = YES;
				CLANG_WARN_INT_CONVERSION = YES;
				CLANG_WARN_OBJC_ROOT_CLASS = YES_ERROR;
				CLANG_WARN_UNREACHABLE_CODE = YES;
				CLANG_WARN__DUPLICATE_METHOD_MATCH = YES;
				"CODE_SIGN_IDENTITY[sdk=iphoneos*]" = "iPhone Developer";
				COPY_PHASE_STRIP = NO;
				DEBUG_INFORMATION_FORMAT = "dwarf-with-dsym";
				ENABLE_NS_ASSERTIONS = NO;
				ENABLE_STRICT_OBJC_MSGSEND = YES;
				GCC_C_LANGUAGE_STANDARD = gnu99;
				GCC_NO_COMMON_BLOCKS = YES;
				GCC_WARN_64_TO_32_BIT_CONVERSION = YES;
				GCC_WARN_ABOUT_RETURN_TYPE = YES_ERROR;
				GCC_WARN_UNDECLARED_SELECTOR = YES;
				GCC_WARN_UNINITIALIZED_AUTOS = YES_AGGRESSIVE;
				GCC_WARN_UNUSED_FUNCTION = YES;
				GCC_WARN_UNUSED_VARIABLE = YES;
				IPHONEOS_DEPLOYMENT_TARGET = 9.3;
				MTL_ENABLE_DEBUG_INFO = NO;
				SDKROOT = iphoneos;
				VALIDATE_PRODUCT = YES;
			};
			name = Release;
		};
		CB95E3381CE96E6A00BEF80F /* Debug */ = {
			isa = XCBuildConfiguration;
			buildSettings = {
				ASSETCATALOG_COMPILER_APPICON_NAME = AppIcon;
				CODE_SIGN_IDENTITY = "iPhone Developer";
				"CODE_SIGN_IDENTITY[sdk=iphoneos*]" = "iPhone Developer";
				INFOPLIST_FILE = VideoMediaWork1/Info.plist;
				LD_RUNPATH_SEARCH_PATHS = "$(inherited) @executable_path/Frameworks";
				PRODUCT_BUNDLE_IDENTIFIER = com.WJC.VideoMediaWork1;
				PRODUCT_NAME = "$(TARGET_NAME)";
				PROVISIONING_PROFILE = "";
			};
			name = Debug;
		};
		CB95E3391CE96E6A00BEF80F /* Release */ = {
			isa = XCBuildConfiguration;
			buildSettings = {
				ASSETCATALOG_COMPILER_APPICON_NAME = AppIcon;
				CODE_SIGN_IDENTITY = "iPhone Developer";
				"CODE_SIGN_IDENTITY[sdk=iphoneos*]" = "iPhone Developer";
				INFOPLIST_FILE = VideoMediaWork1/Info.plist;
				LD_RUNPATH_SEARCH_PATHS = "$(inherited) @executable_path/Frameworks";
				PRODUCT_BUNDLE_IDENTIFIER = com.WJC.VideoMediaWork1;
				PRODUCT_NAME = "$(TARGET_NAME)";
				PROVISIONING_PROFILE = "";
			};
			name = Release;
		};
/* End XCBuildConfiguration section */

/* Begin XCConfigurationList section */
		CB95E31B1CE96E6A00BEF80F /* Build configuration list for PBXProject "VideoMediaWork1" */ = {
			isa = XCConfigurationList;
			buildConfigurations = (
				CB95E3351CE96E6A00BEF80F /* Debug */,
				CB95E3361CE96E6A00BEF80F /* Release */,
			);
			defaultConfigurationIsVisible = 0;
			defaultConfigurationName = Release;
		};
		CB95E3371CE96E6A00BEF80F /* Build configuration list for PBXNativeTarget "VideoMediaWork1" */ = {
			isa = XCConfigurationList;
			buildConfigurations = (
				CB95E3381CE96E6A00BEF80F /* Debug */,
				CB95E3391CE96E6A00BEF80F /* Release */,
			);
			defaultConfigurationIsVisible = 0;
			defaultConfigurationName = Release;
		};
/* End XCConfigurationList section */
	};
	rootObject = CB95E3181CE96E6A00BEF80F /* Project object */;
}
